
Microsoft Visual Studio Solution File, Format Version 12.00
# Visual Studio Version 16
VisualStudioVersion = 25.0.1706.9
MinimumVisualStudioVersion = 10.0.40219.1
Project("{FAE04EC0-301F-11D3-BF4B-00C04F79EFBC}") = "WatermarkApp", "WatermarkApp\WatermarkApp.csproj", "{89DC9AFD-D8A2-4FAA-ABFE-749885523A55}"
EndProject
Global
	GlobalSection(SolutionConfigurationPlatforms) = preSolution
		Debug|Any CPU = Debug|Any CPU
		Release|Any CPU = Release|Any CPU
	EndGlobalSection
	GlobalSection(ProjectConfigurationPlatforms) = postSolution
		{89DC9AFD-D8A2-4FAA-ABFE-749885523A55}.Debug|Any CPU.ActiveCfg = Debug|Any CPU
		{89DC9AFD-D8A2-4FAA-ABFE-749885523A55}.Debug|Any CPU.Build.0 = Debug|Any CPU
		{89DC9AFD-D8A2-4FAA-ABFE-749885523A55}.Release|Any CPU.ActiveCfg = Release|Any CPU
		{89DC9AFD-D8A2-4FAA-ABFE-749885523A55}.Release|Any CPU.Build.0 = Release|Any CPU
	EndGlobalSection
	GlobalSection(SolutionProperties) = preSolution
		HideSolutionNode = FALSE
	EndGlobalSection
	GlobalSection(ExtensibilityGlobals) = postSolution
		SolutionGuid = {C399B0BB-2A9B-41E1-8F0E-B3D723C9D188}
	EndGlobalSection
EndGlobal
